// !$*UTF8*$!
{
	archiveVersion = 1;
	classes = {
	};
	objectVersion = 56;
	objects = {

/* Begin PBXBuildFile section */
		D208B3CCF763416412352600 /* Pods_google_drive_demo.framework in Frameworks */ = {isa = PBXBuildFile; fileRef = 279E7CA480CE0C941CBDD4A7 /* Pods_google_drive_demo.framework */; };
		FC7F72172994EF950004F274 /* AppDelegate.swift in Sources */ = {isa = PBXBuildFile; fileRef = FC7F72162994EF950004F274 /* AppDelegate.swift */; };
		FC7F72192994EF950004F274 /* SceneDelegate.swift in Sources */ = {isa = PBXBuildFile; fileRef = FC7F72182994EF950004F274 /* SceneDelegate.swift */; };
		FC7F721B2994EF950004F274 /* ViewController.swift in Sources */ = {isa = PBXBuildFile; fileRef = FC7F721A2994EF950004F274 /* ViewController.swift */; };
		FC7F721E2994EF950004F274 /* Main.storyboard in Resources */ = {isa = PBXBuildFile; fileRef = FC7F721C2994EF950004F274 /* Main.storyboard */; };
		FC7F72202994EF970004F274 /* Assets.xcassets in Resources */ = {isa = PBXBuildFile; fileRef = FC7F721F2994EF970004F274 /* Assets.xcassets */; };
		FC7F72232994EF970004F274 /* LaunchScreen.storyboard in Resources */ = {isa = PBXBuildFile; fileRef = FC7F72212994EF970004F274 /* LaunchScreen.storyboard */; };
		FC7F722C2995017E0004F274 /* Pulse in Frameworks */ = {isa = PBXBuildFile; productRef = FC7F722B2995017E0004F274 /* Pulse */; };
		FC7F722E2995017E0004F274 /* PulseUI in Frameworks */ = {isa = PBXBuildFile; productRef = FC7F722D2995017E0004F274 /* PulseUI */; };
/* End PBXBuildFile section */

/* Begin PBXFileReference section */
		107932A695522503ADD4BA17 /* Pods-google-drive-demo.release.xcconfig */ = {isa = PBXFileReference; includeInIndex = 1; lastKnownFileType = text.xcconfig; name = "Pods-google-drive-demo.release.xcconfig"; path = "Target Support Files/Pods-google-drive-demo/Pods-google-drive-demo.release.xcconfig"; sourceTree = "<group>"; };
		279E7CA480CE0C941CBDD4A7 /* Pods_google_drive_demo.framework */ = {isa = PBXFileReference; explicitFileType = wrapper.framework; includeInIndex = 0; path = Pods_google_drive_demo.framework; sourceTree = BUILT_PRODUCTS_DIR; };
		E282B244CB315555362E1473 /* Pods-google-drive-demo.debug.xcconfig */ = {isa = PBXFileReference; includeInIndex = 1; lastKnownFileType = text.xcconfig; name = "Pods-google-drive-demo.debug.xcconfig"; path = "Target Support Files/Pods-google-drive-demo/Pods-google-drive-demo.debug.xcconfig"; sourceTree = "<group>"; };
		FC7F72132994EF950004F274 /* google-drive-demo.app */ = {isa = PBXFileReference; explicitFileType = wrapper.application; includeInIndex = 0; path = "google-drive-demo.app"; sourceTree = BUILT_PRODUCTS_DIR; };
		FC7F72162994EF950004F274 /* AppDelegate.swift */ = {isa = PBXFileReference; lastKnownFileType = sourcecode.swift; path = AppDelegate.swift; sourceTree = "<group>"; };
		FC7F72182994EF950004F274 /* SceneDelegate.swift */ = {isa = PBXFileReference; lastKnownFileType = sourcecode.swift; path = SceneDelegate.swift; sourceTree = "<group>"; };
		FC7F721A2994EF950004F274 /* ViewController.swift */ = {isa = PBXFileReference; lastKnownFileType = sourcecode.swift; path = ViewController.swift; sourceTree = "<group>"; };
		FC7F721D2994EF950004F274 /* Base */ = {isa = PBXFileReference; lastKnownFileType = file.storyboard; name = Base; path = Base.lproj/Main.storyboard; sourceTree = "<group>"; };
		FC7F721F2994EF970004F274 /* Assets.xcassets */ = {isa = PBXFileReference; lastKnownFileType = folder.assetcatalog; path = Assets.xcassets; sourceTree = "<group>"; };
		FC7F72222994EF970004F274 /* Base */ = {isa = PBXFileReference; lastKnownFileType = file.storyboard; name = Base; path = Base.lproj/LaunchScreen.storyboard; sourceTree = "<group>"; };
		FC7F72242994EF970004F274 /* Info.plist */ = {isa = PBXFileReference; lastKnownFileType = text.plist.xml; path = Info.plist; sourceTree = "<group>"; };
/* End PBXFileReference section */

/* Begin PBXFrameworksBuildPhase section */
		FC7F72102994EF950004F274 /* Frameworks */ = {
			isa = PBXFrameworksBuildPhase;
			buildActionMask = 2147483647;
			files = (
				FC7F722E2995017E0004F274 /* PulseUI in Frameworks */,
				FC7F722C2995017E0004F274 /* Pulse in Frameworks */,
				D208B3CCF763416412352600 /* Pods_google_drive_demo.framework in Frameworks */,
			);
			runOnlyForDeploymentPostprocessing = 0;
		};
/* End PBXFrameworksBuildPhase section */

/* Begin PBXGroup section */
		72BAE14A0037FEBB81C14668 /* Frameworks */ = {
			isa = PBXGroup;
			children = (
				279E7CA480CE0C941CBDD4A7 /* Pods_google_drive_demo.framework */,
			);
			name = Frameworks;
			sourceTree = "<group>";
		};
		F3966104587CE621426DF3D9 /* Pods */ = {
			isa = PBXGroup;
			children = (
				E282B244CB315555362E1473 /* Pods-google-drive-demo.debug.xcconfig */,
				107932A695522503ADD4BA17 /* Pods-google-drive-demo.release.xcconfig */,
			);
			path = Pods;
			sourceTree = "<group>";
		};
		FC7F720A2994EF950004F274 = {
			isa = PBXGroup;
			children = (
				FC7F72152994EF950004F274 /* google-drive-demo */,
				FC7F72142994EF950004F274 /* Products */,
				F3966104587CE621426DF3D9 /* Pods */,
				72BAE14A0037FEBB81C14668 /* Frameworks */,
			);
			sourceTree = "<group>";
		};
		FC7F72142994EF950004F274 /* Products */ = {
			isa = PBXGroup;
			children = (
				FC7F72132994EF950004F274 /* google-drive-demo.app */,
			);
			name = Products;
			sourceTree = "<group>";
		};
		FC7F72152994EF950004F274 /* google-drive-demo */ = {
			isa = PBXGroup;
			children = (
				FC7F72162994EF950004F274 /* AppDelegate.swift */,
				FC7F72182994EF950004F274 /* SceneDelegate.swift */,
				FC7F721A2994EF950004F274 /* ViewController.swift */,
				FC7F721C2994EF950004F274 /* Main.storyboard */,
				FC7F721F2994EF970004F274 /* Assets.xcassets */,
				FC7F72212994EF970004F274 /* LaunchScreen.storyboard */,
				FC7F72242994EF970004F274 /* Info.plist */,
			);
			path = "google-drive-demo";
			sourceTree = "<group>";
		};
/* End PBXGroup section */

/* Begin PBXNativeTarget section */
		FC7F72122994EF950004F274 /* google-drive-demo */ = {
			isa = PBXNativeTarget;
			buildConfigurationList = FC7F72272994EF970004F274 /* Build configuration list for PBXNativeTarget "google-drive-demo" */;
			buildPhases = (
				DAA428B7F413FA7F76A4B2AB /* [CP] Check Pods Manifest.lock */,
				FC7F720F2994EF950004F274 /* Sources */,
				FC7F72102994EF950004F274 /* Frameworks */,
				FC7F72112994EF950004F274 /* Resources */,
				14C87EC73581036C06BFC6C1 /* [CP] Embed Pods Frameworks */,
			);
			buildRules = (
			);
			dependencies = (
			);
			name = "google-drive-demo";
			packageProductDependencies = (
				FC7F722B2995017E0004F274 /* Pulse */,
				FC7F722D2995017E0004F274 /* PulseUI */,
			);
			productName = "google-drive-demo";
			productReference = FC7F72132994EF950004F274 /* google-drive-demo.app */;
			productType = "com.apple.product-type.application";
		};
/* End PBXNativeTarget section */

/* Begin PBXProject section */
		FC7F720B2994EF950004F274 /* Project object */ = {
			isa = PBXProject;
			attributes = {
				BuildIndependentTargetsInParallel = 1;
				LastSwiftUpdateCheck = 1420;
				LastUpgradeCheck = 1420;
				TargetAttributes = {
					FC7F72122994EF950004F274 = {
						CreatedOnToolsVersion = 14.2;
					};
				};
			};
			buildConfigurationList = FC7F720E2994EF950004F274 /* Build configuration list for PBXProject "google-drive-demo" */;
			compatibilityVersion = "Xcode 14.0";
			developmentRegion = en;
			hasScannedForEncodings = 0;
			knownRegions = (
				en,
				Base,
			);
			mainGroup = FC7F720A2994EF950004F274;
			packageReferences = (
				FC7F722A2995017E0004F274 /* XCRemoteSwiftPackageReference "Pulse" */,
			);
			productRefGroup = FC7F72142994EF950004F274 /* Products */;
			projectDirPath = "";
			projectRoot = "";
			targets = (
				FC7F72122994EF950004F274 /* google-drive-demo */,
			);
		};
/* End PBXProject section */

/* Begin PBXResourcesBuildPhase section */
		FC7F72112994EF950004F274 /* Resources */ = {
			isa = PBXResourcesBuildPhase;
			buildActionMask = 2147483647;
			files = (
				FC7F72232994EF970004F274 /* LaunchScreen.storyboard in Resources */,
				FC7F72202994EF970004F274 /* Assets.xcassets in Resources */,
				FC7F721E2994EF950004F274 /* Main.storyboard in Resources */,
			);
			runOnlyForDeploymentPostprocessing = 0;
		};
/* End PBXResourcesBuildPhase section */

/* Begin PBXShellScriptBuildPhase section */
		14C87EC73581036C06BFC6C1 /* [CP] Embed Pods Frameworks */ = {
			isa = PBXShellScriptBuildPhase;
			buildActionMask = 2147483647;
			files = (
			);
			inputFileListPaths = (
				"${PODS_ROOT}/Target Support Files/Pods-google-drive-demo/Pods-google-drive-demo-frameworks-${CONFIGURATION}-input-files.xcfilelist",
			);
			name = "[CP] Embed Pods Frameworks";
			outputFileListPaths = (
				"${PODS_ROOT}/Target Support Files/Pods-google-drive-demo/Pods-google-drive-demo-frameworks-${CONFIGURATION}-output-files.xcfilelist",
			);
			runOnlyForDeploymentPostprocessing = 0;
			shellPath = /bin/sh;
			shellScript = "\"${PODS_ROOT}/Target Support Files/Pods-google-drive-demo/Pods-google-drive-demo-frameworks.sh\"\n";
			showEnvVarsInLog = 0;
		};
		DAA428B7F413FA7F76A4B2AB /* [CP] Check Pods Manifest.lock */ = {
			isa = PBXShellScriptBuildPhase;
			buildActionMask = 2147483647;
			files = (
			);
			inputFileListPaths = (
			);
			inputPaths = (
				"${PODS_PODFILE_DIR_PATH}/Podfile.lock",
				"${PODS_ROOT}/Manifest.lock",
			);
			name = "[CP] Check Pods Manifest.lock";
			outputFileListPaths = (
			);
			outputPaths = (
				"$(DERIVED_FILE_DIR)/Pods-google-drive-demo-checkManifestLockResult.txt",
			);
			runOnlyForDeploymentPostprocessing = 0;
			shellPath = /bin/sh;
			shellScript = "diff \"${PODS_PODFILE_DIR_PATH}/Podfile.lock\" \"${PODS_ROOT}/Manifest.lock\" > /dev/null\nif [ $? != 0 ] ; then\n    # print error to STDERR\n    echo \"error: The sandbox is not in sync with the Podfile.lock. Run 'pod install' or update your CocoaPods installation.\" >&2\n    exit 1\nfi\n# This output is used by Xcode 'outputs' to avoid re-running this script phase.\necho \"SUCCESS\" > \"${SCRIPT_OUTPUT_FILE_0}\"\n";
			showEnvVarsInLog = 0;
		};
/* End PBXShellScriptBuildPhase section */

/* Begin PBXSourcesBuildPhase section */
		FC7F720F2994EF950004F274 /* Sources */ = {
			isa = PBXSourcesBuildPhase;
			buildActionMask = 2147483647;
			files = (
				FC7F721B2994EF950004F274 /* ViewController.swift in Sources */,
				FC7F72172994EF950004F274 /* AppDelegate.swift in Sources */,
				FC7F72192994EF950004F274 /* SceneDelegate.swift in Sources */,
			);
			runOnlyForDeploymentPostprocessing = 0;
		};
/* End PBXSourcesBuildPhase section */

/* Begin PBXVariantGroup section */
		FC7F721C2994EF950004F274 /* Main.storyboard */ = {
			isa = PBXVariantGroup;
			children = (
				FC7F721D2994EF950004F274 /* Base */,
			);
			name = Main.storyboard;
			sourceTree = "<group>";
		};
		FC7F72212994EF970004F274 /* LaunchScreen.storyboard */ = {
			isa = PBXVariantGroup;
			children = (
				FC7F72222994EF970004F274 /* Base */,
			);
			name = LaunchScreen.storyboard;
			sourceTree = "<group>";
		};
/* End PBXVariantGroup section */

/* Begin XCBuildConfiguration section */
		FC7F72252994EF970004F274 /* Debug */ = {
			isa = XCBuildConfiguration;
			buildSettings = {
				ALWAYS_SEARCH_USER_PATHS = NO;
				CLANG_ANALYZER_NONNULL = YES;
				CLANG_ANALYZER_NUMBER_OBJECT_CONVERSION = YES_AGGRESSIVE;
				CLANG_CXX_LANGUAGE_STANDARD = "gnu++20";
				CLANG_ENABLE_MODULES = YES;
				CLANG_ENABLE_OBJC_ARC = YES;
				CLANG_ENABLE_OBJC_WEAK = YES;
				CLANG_WARN_BLOCK_CAPTURE_AUTORELEASING = YES;
				CLANG_WARN_BOOL_CONVERSION = YES;
				CLANG_WARN_COMMA = YES;
				CLANG_WARN_CONSTANT_CONVERSION = YES;
				CLANG_WARN_DEPRECATED_OBJC_IMPLEMENTATIONS = YES;
				CLANG_WARN_DIRECT_OBJC_ISA_USAGE = YES_ERROR;
				CLANG_WARN_DOCUMENTATION_COMMENTS = YES;
				CLANG_WARN_EMPTY_BODY = YES;
				CLANG_WARN_ENUM_CONVERSION = YES;
				CLANG_WARN_INFINITE_RECURSION = YES;
				CLANG_WARN_INT_CONVERSION = YES;
				CLANG_WARN_NON_LITERAL_NULL_CONVERSION = YES;
				CLANG_WARN_OBJC_IMPLICIT_RETAIN_SELF = YES;
				CLANG_WARN_OBJC_LITERAL_CONVERSION = YES;
				CLANG_WARN_OBJC_ROOT_CLASS = YES_ERROR;
				CLANG_WARN_QUOTED_INCLUDE_IN_FRAMEWORK_HEADER = YES;
				CLANG_WARN_RANGE_LOOP_ANALYSIS = YES;
				CLANG_WARN_STRICT_PROTOTYPES = YES;
				CLANG_WARN_SUSPICIOUS_MOVE = YES;
				CLANG_WARN_UNGUARDED_AVAILABILITY = YES_AGGRESSIVE;
				CLANG_WARN_UNREACHABLE_CODE = YES;
				CLANG_WARN__DUPLICATE_METHOD_MATCH = YES;
				COPY_PHASE_STRIP = NO;
				DEBUG_INFORMATION_FORMAT = dwarf;
				ENABLE_STRICT_OBJC_MSGSEND = YES;
				ENABLE_TESTABILITY = YES;
				GCC_C_LANGUAGE_STANDARD = gnu11;
				GCC_DYNAMIC_NO_PIC = NO;
				GCC_NO_COMMON_BLOCKS = YES;
				GCC_OPTIMIZATION_LEVEL = 0;
				GCC_PREPROCESSOR_DEFINITIONS = (
					"DEBUG=1",
					"$(inherited)",
				);
				GCC_WARN_64_TO_32_BIT_CONVERSION = YES;
				GCC_WARN_ABOUT_RETURN_TYPE = YES_ERROR;
				GCC_WARN_UNDECLARED_SELECTOR = YES;
				GCC_WARN_UNINITIALIZED_AUTOS = YES_AGGRESSIVE;
				GCC_WARN_UNUSED_FUNCTION = YES;
				GCC_WARN_UNUSED_VARIABLE = YES;
				IPHONEOS_DEPLOYMENT_TARGET = 16.2;
				MTL_ENABLE_DEBUG_INFO = INCLUDE_SOURCE;
				MTL_FAST_MATH = YES;
				ONLY_ACTIVE_ARCH = YES;
				SDKROOT = iphoneos;
				SWIFT_ACTIVE_COMPILATION_CONDITIONS = DEBUG;
				SWIFT_OPTIMIZATION_LEVEL = "-Onone";
			};
			name = Debug;
		};
		FC7F72262994EF970004F274 /* Release */ = {
			isa = XCBuildConfiguration;
			buildSettings = {
				ALWAYS_SEARCH_USER_PATHS = NO;
				CLANG_ANALYZER_NONNULL = YES;
				CLANG_ANALYZER_NUMBER_OBJECT_CONVERSION = YES_AGGRESSIVE;
				CLANG_CXX_LANGUAGE_STANDARD = "gnu++20";
				CLANG_ENABLE_MODULES = YES;
				CLANG_ENABLE_OBJC_ARC = YES;
				CLANG_ENABLE_OBJC_WEAK = YES;
				CLANG_WARN_BLOCK_CAPTURE_AUTORELEASING = YES;
				CLANG_WARN_BOOL_CONVERSION = YES;
				CLANG_WARN_COMMA = YES;
				CLANG_WARN_CONSTANT_CONVERSION = YES;
				CLANG_WARN_DEPRECATED_OBJC_IMPLEMENTATIONS = YES;
				CLANG_WARN_DIRECT_OBJC_ISA_USAGE = YES_ERROR;
				CLANG_WARN_DOCUMENTATION_COMMENTS = YES;
				CLANG_WARN_EMPTY_BODY = YES;
				CLANG_WARN_ENUM_CONVERSION = YES;
				CLANG_WARN_INFINITE_RECURSION = YES;
				CLANG_WARN_INT_CONVERSION = YES;
				CLANG_WARN_NON_LITERAL_NULL_CONVERSION = YES;
				CLANG_WARN_OBJC_IMPLICIT_RETAIN_SELF = YES;
				CLANG_WARN_OBJC_LITERAL_CONVERSION = YES;
				CLANG_WARN_OBJC_ROOT_CLASS = YES_ERROR;
				CLANG_WARN_QUOTED_INCLUDE_IN_FRAMEWORK_HEADER = YES;
				CLANG_WARN_RANGE_LOOP_ANALYSIS = YES;
				CLANG_WARN_STRICT_PROTOTYPES = YES;
				CLANG_WARN_SUSPICIOUS_MOVE = YES;
				CLANG_WARN_UNGUARDED_AVAILABILITY = YES_AGGRESSIVE;
				CLANG_WARN_UNREACHABLE_CODE = YES;
				CLANG_WARN__DUPLICATE_METHOD_MATCH = YES;
				COPY_PHASE_STRIP = NO;
				DEBUG_INFORMATION_FORMAT = "dwarf-with-dsym";
				ENABLE_NS_ASSERTIONS = NO;
				ENABLE_STRICT_OBJC_MSGSEND = YES;
				GCC_C_LANGUAGE_STANDARD = gnu11;
				GCC_NO_COMMON_BLOCKS = YES;
				GCC_WARN_64_TO_32_BIT_CONVERSION = YES;
				GCC_WARN_ABOUT_RETURN_TYPE = YES_ERROR;
				GCC_WARN_UNDECLARED_SELECTOR = YES;
				GCC_WARN_UNINITIALIZED_AUTOS = YES_AGGRESSIVE;
				GCC_WARN_UNUSED_FUNCTION = YES;
				GCC_WARN_UNUSED_VARIABLE = YES;
				IPHONEOS_DEPLOYMENT_TARGET = 16.2;
				MTL_ENABLE_DEBUG_INFO = NO;
				MTL_FAST_MATH = YES;
				SDKROOT = iphoneos;
				SWIFT_COMPILATION_MODE = wholemodule;
				SWIFT_OPTIMIZATION_LEVEL = "-O";
				VALIDATE_PRODUCT = YES;
			};
			name = Release;
		};
		FC7F72282994EF970004F274 /* Debug */ = {
			isa = XCBuildConfiguration;
			baseConfigurationReference = E282B244CB315555362E1473 /* Pods-google-drive-demo.debug.xcconfig */;
			buildSettings = {
				ASSETCATALOG_COMPILER_APPICON_NAME = AppIcon;
				ASSETCATALOG_COMPILER_GLOBAL_ACCENT_COLOR_NAME = AccentColor;
				CODE_SIGN_STYLE = Automatic;
				CURRENT_PROJECT_VERSION = 1;
				DEVELOPMENT_TEAM = 7YU9BW6V4T;
				GENERATE_INFOPLIST_FILE = YES;
				INFOPLIST_FILE = "google-drive-demo/Info.plist";
				INFOPLIST_KEY_UIApplicationSupportsIndirectInputEvents = YES;
				INFOPLIST_KEY_UILaunchStoryboardName = LaunchScreen;
				INFOPLIST_KEY_UIMainStoryboardFile = Main;
				INFOPLIST_KEY_UISupportedInterfaceOrientations_iPad = "UIInterfaceOrientationPortrait UIInterfaceOrientationPortraitUpsideDown UIInterfaceOrientationLandscapeLeft UIInterfaceOrientationLandscapeRight";
				INFOPLIST_KEY_UISupportedInterfaceOrientations_iPhone = "UIInterfaceOrientationPortrait UIInterfaceOrientationLandscapeLeft UIInterfaceOrientationLandscapeRight";
				IPHONEOS_DEPLOYMENT_TARGET = 14.0;
				LD_RUNPATH_SEARCH_PATHS = (
					"$(inherited)",
					"@executable_path/Frameworks",
				);
				MARKETING_VERSION = 1.0;
				PRODUCT_BUNDLE_IDENTIFIER = "com.abc.google-drive-demo";
				PRODUCT_NAME = "$(TARGET_NAME)";
				SWIFT_EMIT_LOC_STRINGS = YES;
				SWIFT_VERSION = 5.0;
				TARGETED_DEVICE_FAMILY = "1,2";
			};
			name = Debug;
		};
		FC7F72292994EF970004F274 /* Release */ = {
			isa = XCBuildConfiguration;
			baseConfigurationReference = 107932A695522503ADD4BA17 /* Pods-google-drive-demo.release.xcconfig */;
			buildSettings = {
				ASSETCATALOG_COMPILER_APPICON_NAME = AppIcon;
				ASSETCATALOG_COMPILER_GLOBAL_ACCENT_COLOR_NAME = AccentColor;
				CODE_SIGN_STYLE = Automatic;
				CURRENT_PROJECT_VERSION = 1;
				DEVELOPMENT_TEAM = 7YU9BW6V4T;
				GENERATE_INFOPLIST_FILE = YES;
				INFOPLIST_FILE = "google-drive-demo/Info.plist";
				INFOPLIST_KEY_UIApplicationSupportsIndirectInputEvents = YES;
				INFOPLIST_KEY_UILaunchStoryboardName = LaunchScreen;
				INFOPLIST_KEY_UIMainStoryboardFile = Main;
				INFOPLIST_KEY_UISupportedInterfaceOrientations_iPad = "UIInterfaceOrientationPortrait UIInterfaceOrientationPortraitUpsideDown UIInterfaceOrientationLandscapeLeft UIInterfaceOrientationLandscapeRight";
				INFOPLIST_KEY_UISupportedInterfaceOrientations_iPhone = "UIInterfaceOrientationPortrait UIInterfaceOrientationLandscapeLeft UIInterfaceOrientationLandscapeRight";
				IPHONEOS_DEPLOYMENT_TARGET = 14.0;
				LD_RUNPATH_SEARCH_PATHS = (
					"$(inherited)",
					"@executable_path/Frameworks",
				);
				MARKETING_VERSION = 1.0;
				PRODUCT_BUNDLE_IDENTIFIER = "com.abc.google-drive-demo";
				PRODUCT_NAME = "$(TARGET_NAME)";
				SWIFT_EMIT_LOC_STRINGS = YES;
				SWIFT_VERSION = 5.0;
				TARGETED_DEVICE_FAMILY = "1,2";
			};
			name = Release;
		};
/* End XCBuildConfiguration section */

/* Begin XCConfigurationList section */
		FC7F720E2994EF950004F274 /* Build configuration list for PBXProject "google-drive-demo" */ = {
			isa = XCConfigurationList;
			buildConfigurations = (
				FC7F72252994EF970004F274 /* Debug */,
				FC7F72262994EF970004F274 /* Release */,
			);
			defaultConfigurationIsVisible = 0;
			defaultConfigurationName = Release;
		};
		FC7F72272994EF970004F274 /* Build configuration list for PBXNativeTarget "google-drive-demo" */ = {
			isa = XCConfigurationList;
			buildConfigurations = (
				FC7F72282994EF970004F274 /* Debug */,
				FC7F72292994EF970004F274 /* Release */,
			);
			defaultConfigurationIsVisible = 0;
			defaultConfigurationName = Release;
		};
/* End XCConfigurationList section */

/* Begin XCRemoteSwiftPackageReference section */
		FC7F722A2995017E0004F274 /* XCRemoteSwiftPackageReference "Pulse" */ = {
			isa = XCRemoteSwiftPackageReference;
			repositoryURL = "https://github.com/kean/Pulse/";
			requirement = {
				branch = main;
				kind = branch;
			};
		};
/* End XCRemoteSwiftPackageReference section */

/* Begin XCSwiftPackageProductDependency section */
		FC7F722B2995017E0004F274 /* Pulse */ = {
			isa = XCSwiftPackageProductDependency;
			package = FC7F722A2995017E0004F274 /* XCRemoteSwiftPackageReference "Pulse" */;
			productName = Pulse;
		};
		FC7F722D2995017E0004F274 /* PulseUI */ = {
			isa = XCSwiftPackageProductDependency;
			package = FC7F722A2995017E0004F274 /* XCRemoteSwiftPackageReference "Pulse" */;
			productName = PulseUI;
		};
/* End XCSwiftPackageProductDependency section */
	};
	rootObject = FC7F720B2994EF950004F274 /* Project object */;
}
